
Microsoft Visual Studio Solution File, Format Version 12.00
# Visual Studio Version 16
VisualStudioVersion = 16.0.31025.194
MinimumVisualStudioVersion = 10.0.40219.1
Project("{9A19103F-16F7-4668-BE54-9A1E7A4F7556}") = "PV260_Minesweeper", "Minesweeper\PV260_Minesweeper.csproj", "{83535378-A39C-4DD8-AE9C-CEB03B94E550}"
EndProject
Project("{9A19103F-16F7-4668-BE54-9A1E7A4F7556}") = "PV260_Minesweeper.Tests", "Minesweeper.Tests\PV260_Minesweeper.Tests.csproj", "{B5F576F2-C5AF-4F91-B2B9-529261C113E4}"
EndProject
Global
	GlobalSection(SolutionConfigurationPlatforms) = preSolution
		Debug|Any CPU = Debug|Any CPU
		Release|Any CPU = Release|Any CPU
	EndGlobalSection
	GlobalSection(ProjectConfigurationPlatforms) = postSolution
		{83535378-A39C-4DD8-AE9C-CEB03B94E550}.Debug|Any CPU.ActiveCfg = Debug|Any CPU
		{83535378-A39C-4DD8-AE9C-CEB03B94E550}.Debug|Any CPU.Build.0 = Debug|Any CPU
		{83535378-A39C-4DD8-AE9C-CEB03B94E550}.Release|Any CPU.ActiveCfg = Release|Any CPU
		{83535378-A39C-4DD8-AE9C-CEB03B94E550}.Release|Any CPU.Build.0 = Release|Any CPU
		{B5F576F2-C5AF-4F91-B2B9-529261C113E4}.Debug|Any CPU.ActiveCfg = Debug|Any CPU
		{B5F576F2-C5AF-4F91-B2B9-529261C113E4}.Debug|Any CPU.Build.0 = Debug|Any CPU
		{B5F576F2-C5AF-4F91-B2B9-529261C113E4}.Release|Any CPU.ActiveCfg = Release|Any CPU
		{B5F576F2-C5AF-4F91-B2B9-529261C113E4}.Release|Any CPU.Build.0 = Release|Any CPU
	EndGlobalSection
	GlobalSection(SolutionProperties) = preSolution
		HideSolutionNode = FALSE
	EndGlobalSection
	GlobalSection(ExtensibilityGlobals) = postSolution
		SolutionGuid = {81F271B9-A930-433F-A7EA-9EE1D2D857E0}
	EndGlobalSection
EndGlobal
